
Microsoft Visual Studio Solution File, Format Version 12.00
# Visual Studio Version 17
VisualStudioVersion = 17.0.31808.319
MinimumVisualStudioVersion = 10.0.40219.1
Project("{9A19103F-16F7-4668-BE54-9A1E7A4F7556}") = "MVC pattern", "MVC pattern\MVC pattern.csproj", "{54B2524C-0B96-4A45-A0EF-207319840522}"
EndProject
Project("{FAE04EC0-301F-11D3-BF4B-00C04F79EFBC}") = "MVVM pattern", "MVVM pattern\MVVM pattern.csproj", "{85B4E53F-9D59-4AE5-AC95-9A9913625447}"
EndProject
Project("{FAE04EC0-301F-11D3-BF4B-00C04F79EFBC}") = "MVP pattern", "MVP pattern\MVP pattern.csproj", "{1B33C9F4-C37B-49C2-91D4-8A6919D466F8}"
EndProject
Global
	GlobalSection(SolutionConfigurationPlatforms) = preSolution
		Debug|Any CPU = Debug|Any CPU
		Debug|x86 = Debug|x86
		Release|Any CPU = Release|Any CPU
		Release|x86 = Release|x86
	EndGlobalSection
	GlobalSection(ProjectConfigurationPlatforms) = postSolution
		{54B2524C-0B96-4A45-A0EF-207319840522}.Debug|Any CPU.ActiveCfg = Debug|Any CPU
		{54B2524C-0B96-4A45-A0EF-207319840522}.Debug|Any CPU.Build.0 = Debug|Any CPU
		{54B2524C-0B96-4A45-A0EF-207319840522}.Debug|x86.ActiveCfg = Debug|Any CPU
		{54B2524C-0B96-4A45-A0EF-207319840522}.Debug|x86.Build.0 = Debug|Any CPU
		{54B2524C-0B96-4A45-A0EF-207319840522}.Release|Any CPU.ActiveCfg = Release|Any CPU
		{54B2524C-0B96-4A45-A0EF-207319840522}.Release|Any CPU.Build.0 = Release|Any CPU
		{54B2524C-0B96-4A45-A0EF-207319840522}.Release|x86.ActiveCfg = Release|Any CPU
		{54B2524C-0B96-4A45-A0EF-207319840522}.Release|x86.Build.0 = Release|Any CPU
		{85B4E53F-9D59-4AE5-AC95-9A9913625447}.Debug|Any CPU.ActiveCfg = Debug|Any CPU
		{85B4E53F-9D59-4AE5-AC95-9A9913625447}.Debug|Any CPU.Build.0 = Debug|Any CPU
		{85B4E53F-9D59-4AE5-AC95-9A9913625447}.Debug|x86.ActiveCfg = Debug|Any CPU
		{85B4E53F-9D59-4AE5-AC95-9A9913625447}.Debug|x86.Build.0 = Debug|Any CPU
		{85B4E53F-9D59-4AE5-AC95-9A9913625447}.Release|Any CPU.ActiveCfg = Release|Any CPU
		{85B4E53F-9D59-4AE5-AC95-9A9913625447}.Release|Any CPU.Build.0 = Release|Any CPU
		{85B4E53F-9D59-4AE5-AC95-9A9913625447}.Release|x86.ActiveCfg = Release|Any CPU
		{85B4E53F-9D59-4AE5-AC95-9A9913625447}.Release|x86.Build.0 = Release|Any CPU
		{1B33C9F4-C37B-49C2-91D4-8A6919D466F8}.Debug|Any CPU.ActiveCfg = Debug|Any CPU
		{1B33C9F4-C37B-49C2-91D4-8A6919D466F8}.Debug|Any CPU.Build.0 = Debug|Any CPU
		{1B33C9F4-C37B-49C2-91D4-8A6919D466F8}.Debug|x86.ActiveCfg = Debug|x86
		{1B33C9F4-C37B-49C2-91D4-8A6919D466F8}.Debug|x86.Build.0 = Debug|x86
		{1B33C9F4-C37B-49C2-91D4-8A6919D466F8}.Release|Any CPU.ActiveCfg = Release|Any CPU
		{1B33C9F4-C37B-49C2-91D4-8A6919D466F8}.Release|Any CPU.Build.0 = Release|Any CPU
		{1B33C9F4-C37B-49C2-91D4-8A6919D466F8}.Release|x86.ActiveCfg = Release|x86
		{1B33C9F4-C37B-49C2-91D4-8A6919D466F8}.Release|x86.Build.0 = Release|x86
	EndGlobalSection
	GlobalSection(SolutionProperties) = preSolution
		HideSolutionNode = FALSE
	EndGlobalSection
	GlobalSection(ExtensibilityGlobals) = postSolution
		SolutionGuid = {7937913E-9F6F-4178-9D62-1EB6156B4B23}
	EndGlobalSection
EndGlobal
